
Microsoft Visual Studio Solution File, Format Version 12.00
# Visual Studio Version 16
VisualStudioVersion = 16.0.30114.105
MinimumVisualStudioVersion = 10.0.40219.1
Project("{2150E333-8FDC-42A3-9474-1A3956D46DE8}") = "API", "API", "{C1B7DA66-4BDF-451A-8435-08E524D7B588}"
EndProject
Project("{2150E333-8FDC-42A3-9474-1A3956D46DE8}") = "Clients", "Clients", "{D02F806B-147B-4023-A94E-A37E67D68C6D}"
EndProject
Project("{9A19103F-16F7-4668-BE54-9A1E7A4F7556}") = "TicketScalper.ShowsAPI", "TicketScalper.ShowsAPI\TicketScalper.ShowsAPI.csproj", "{0F5250A4-0184-4F4B-AD38-064C0711BC05}"
EndProject
Project("{2150E333-8FDC-42A3-9474-1A3956D46DE8}") = "Tests", "Tests", "{B6D74D78-740C-40B9-AFDB-2B13295F74F4}"
EndProject
Project("{9A19103F-16F7-4668-BE54-9A1E7A4F7556}") = "TicketScalper.Core", "TicketScalper.Core\TicketScalper.Core.csproj", "{5C5E3F10-F711-4261-B004-5EE1FE9857EE}"
EndProject
Project("{9A19103F-16F7-4668-BE54-9A1E7A4F7556}") = "TicketScalper.ShowsAPI.Tests", "Tests\TicketScalper.ShowsAPI.Tests\TicketScalper.ShowsAPI.Tests.csproj", "{68A26C06-6E57-4617-A4B5-AB268F1DF749}"
EndProject
Project("{9A19103F-16F7-4668-BE54-9A1E7A4F7556}") = "TicketScalper.SalesAPI", "TicketScalper.SalesAPI\TicketScalper.SalesAPI.csproj", "{3FD77837-375D-4B00-ACB3-C5253BA87BE7}"
EndProject
Project("{9A19103F-16F7-4668-BE54-9A1E7A4F7556}") = "TicketScaler.SalesAPI.Tests", "Tests\TicketScaler.SalesAPI.Tests\TicketScaler.SalesAPI.Tests.csproj", "{3AD34C15-FAFB-4757-9AD8-C966C314B185}"
EndProject
Project("{9A19103F-16F7-4668-BE54-9A1E7A4F7556}") = "TicketScalper.Web", "TicketScalper.Web\TicketScalper.Web.csproj", "{A79C0F40-B378-430F-9512-5010C193AA3A}"
EndProject
Project("{2150E333-8FDC-42A3-9474-1A3956D46DE8}") = "Solution Items", "Solution Items", "{EA58305E-004F-48EA-834E-7D535CA2D18C}"
	ProjectSection(SolutionItems) = preProject
		..\.gitignore = ..\.gitignore
		..\README.md = ..\README.md
	EndProjectSection
EndProject
Project("{FAE04EC0-301F-11D3-BF4B-00C04F79EFBC}") = "TicketScalper.AuthAPI", "TicketScalper.AuthAPI\TicketScalper.AuthAPI.csproj", "{AAD1CA5A-46B5-45D7-8FFA-DE3371C8BBB3}"
EndProject
Global
	GlobalSection(SolutionConfigurationPlatforms) = preSolution
		Debug|Any CPU = Debug|Any CPU
		Release|Any CPU = Release|Any CPU
	EndGlobalSection
	GlobalSection(ProjectConfigurationPlatforms) = postSolution
		{0F5250A4-0184-4F4B-AD38-064C0711BC05}.Debug|Any CPU.ActiveCfg = Debug|Any CPU
		{0F5250A4-0184-4F4B-AD38-064C0711BC05}.Debug|Any CPU.Build.0 = Debug|Any CPU
		{0F5250A4-0184-4F4B-AD38-064C0711BC05}.Release|Any CPU.ActiveCfg = Release|Any CPU
		{0F5250A4-0184-4F4B-AD38-064C0711BC05}.Release|Any CPU.Build.0 = Release|Any CPU
		{5C5E3F10-F711-4261-B004-5EE1FE9857EE}.Debug|Any CPU.ActiveCfg = Debug|Any CPU
		{5C5E3F10-F711-4261-B004-5EE1FE9857EE}.Debug|Any CPU.Build.0 = Debug|Any CPU
		{5C5E3F10-F711-4261-B004-5EE1FE9857EE}.Release|Any CPU.ActiveCfg = Release|Any CPU
		{5C5E3F10-F711-4261-B004-5EE1FE9857EE}.Release|Any CPU.Build.0 = Release|Any CPU
		{68A26C06-6E57-4617-A4B5-AB268F1DF749}.Debug|Any CPU.ActiveCfg = Debug|Any CPU
		{68A26C06-6E57-4617-A4B5-AB268F1DF749}.Debug|Any CPU.Build.0 = Debug|Any CPU
		{68A26C06-6E57-4617-A4B5-AB268F1DF749}.Release|Any CPU.ActiveCfg = Release|Any CPU
		{68A26C06-6E57-4617-A4B5-AB268F1DF749}.Release|Any CPU.Build.0 = Release|Any CPU
		{3FD77837-375D-4B00-ACB3-C5253BA87BE7}.Debug|Any CPU.ActiveCfg = Debug|Any CPU
		{3FD77837-375D-4B00-ACB3-C5253BA87BE7}.Debug|Any CPU.Build.0 = Debug|Any CPU
		{3FD77837-375D-4B00-ACB3-C5253BA87BE7}.Release|Any CPU.ActiveCfg = Release|Any CPU
		{3FD77837-375D-4B00-ACB3-C5253BA87BE7}.Release|Any CPU.Build.0 = Release|Any CPU
		{3AD34C15-FAFB-4757-9AD8-C966C314B185}.Debug|Any CPU.ActiveCfg = Debug|Any CPU
		{3AD34C15-FAFB-4757-9AD8-C966C314B185}.Debug|Any CPU.Build.0 = Debug|Any CPU
		{3AD34C15-FAFB-4757-9AD8-C966C314B185}.Release|Any CPU.ActiveCfg = Release|Any CPU
		{3AD34C15-FAFB-4757-9AD8-C966C314B185}.Release|Any CPU.Build.0 = Release|Any CPU
		{A79C0F40-B378-430F-9512-5010C193AA3A}.Debug|Any CPU.ActiveCfg = Debug|Any CPU
		{A79C0F40-B378-430F-9512-5010C193AA3A}.Debug|Any CPU.Build.0 = Debug|Any CPU
		{A79C0F40-B378-430F-9512-5010C193AA3A}.Release|Any CPU.ActiveCfg = Release|Any CPU
		{A79C0F40-B378-430F-9512-5010C193AA3A}.Release|Any CPU.Build.0 = Release|Any CPU
		{AAD1CA5A-46B5-45D7-8FFA-DE3371C8BBB3}.Debug|Any CPU.ActiveCfg = Debug|Any CPU
		{AAD1CA5A-46B5-45D7-8FFA-DE3371C8BBB3}.Debug|Any CPU.Build.0 = Debug|Any CPU
		{AAD1CA5A-46B5-45D7-8FFA-DE3371C8BBB3}.Release|Any CPU.ActiveCfg = Release|Any CPU
		{AAD1CA5A-46B5-45D7-8FFA-DE3371C8BBB3}.Release|Any CPU.Build.0 = Release|Any CPU
	EndGlobalSection
	GlobalSection(SolutionProperties) = preSolution
		HideSolutionNode = FALSE
	EndGlobalSection
	GlobalSection(NestedProjects) = preSolution
		{0F5250A4-0184-4F4B-AD38-064C0711BC05} = {C1B7DA66-4BDF-451A-8435-08E524D7B588}
		{68A26C06-6E57-4617-A4B5-AB268F1DF749} = {B6D74D78-740C-40B9-AFDB-2B13295F74F4}
		{3FD77837-375D-4B00-ACB3-C5253BA87BE7} = {C1B7DA66-4BDF-451A-8435-08E524D7B588}
		{3AD34C15-FAFB-4757-9AD8-C966C314B185} = {B6D74D78-740C-40B9-AFDB-2B13295F74F4}
		{A79C0F40-B378-430F-9512-5010C193AA3A} = {D02F806B-147B-4023-A94E-A37E67D68C6D}
		{AAD1CA5A-46B5-45D7-8FFA-DE3371C8BBB3} = {C1B7DA66-4BDF-451A-8435-08E524D7B588}
	EndGlobalSection
	GlobalSection(ExtensibilityGlobals) = postSolution
		SolutionGuid = {78C044F1-B4A3-4492-B688-0DE1D4C34D98}
	EndGlobalSection
EndGlobal
